<?xml version="1.0" encoding="utf-8"?>
<Project ToolsVersion="4.0" xmlns="http://schemas.microsoft.com/developer/msbuild/2003">
  <ItemGroup>
    <Filter Include="Исходные файлы">
      <UniqueIdentifier>{4FC737F1-C7A5-4376-A066-2A32D752A2FF}</UniqueIdentifier>
      <Extensions>cpp;c;cc;cxx;def;odl;idl;hpj;bat;asm;asmx</Extensions>
    </Filter>
    <Filter Include="Файлы заголовков">
      <UniqueIdentifier>{93995380-89BD-4b04-88EB-625FBE52EBFB}</UniqueIdentifier>
      <Extensions>h;hh;hpp;hxx;hm;inl;inc;ipp;xsd</Extensions>
    </Filter>
    <Filter Include="Файлы ресурсов">
      <UniqueIdentifier>{67DA6AB6-F800-4c08-8B7A-83BB121AAD01}</UniqueIdentifier>
      <Extensions>rc;ico;cur;bmp;dlg;rc2;rct;bin;rgs;gif;jpg;jpeg;jpe;resx;tiff;tif;png;wav;mfcribbon-ms</Extensions>
    </Filter>
  </ItemGroup>
  <ItemGroup>
    <ClInclude Include="User.h">
      <Filter>Файлы заголовков</Filter>
    </ClInclude>
    <ClInclude Include="Toy.h">
      <Filter>Файлы заголовков</Filter>
    </ClInclude>
    <ClInclude Include="UserList.h">
      <Filter>Файлы заголовков</Filter>
    </ClInclude>
    <ClInclude Include="ToyList.h">
      <Filter>Файлы заголовков</Filter>
    </ClInclude>
    <ClInclude Include="AddToyScreen.h">
      <Filter>Файлы заголовков</Filter>
    </ClInclude>
    <ClInclude Include="deleteToyScreen.h">
      <Filter>Файлы заголовков</Filter>
    </ClInclude>
    <ClInclude Include="EditToyScreen.h">
      <Filter>Файлы заголовков</Filter>
    </ClInclude>
    <ClInclude Include="IndividualTaskScreen.h">
      <Filter>Файлы заголовков</Filter>
    </ClInclude>
    <ClInclude Include="SortToyScreen.h">
      <Filter>Файлы заголовков</Filter>
    </ClInclude>
    <ClInclude Include="PrintToysScreen.h">
      <Filter>Файлы заголовков</Filter>
    </ClInclude>
    <ClInclude Include="FindToysScreen.h">
      <Filter>Файлы заголовков</Filter>
    </ClInclude>
    <ClInclude Include="AddUserScreen.h">
      <Filter>Файлы заголовков</Filter>
    </ClInclude>
    <ClInclude Include="DeleteUserScreen.h">
      <Filter>Файлы заголовков</Filter>
    </ClInclude>
    <ClInclude Include="PrintUserScreen.h">
      <Filter>Файлы заголовков</Filter>
    </ClInclude>
    <ClInclude Include="EditUserScreen.h">
      <Filter>Файлы заголовков</Filter>
    </ClInclude>
    <ClInclude Include="AuthenticationAndMenu.h">
      <Filter>Файлы заголовков</Filter>
    </ClInclude>
    <ClInclude Include="StartAndEndProgram.h">
      <Filter>Файлы заголовков</Filter>
    </ClInclude>
  </ItemGroup>
  <ItemGroup>
    <ClCompile Include="User.cpp">
      <Filter>Исходные файлы</Filter>
    </ClCompile>
    <ClCompile Include="Toy.cpp">
      <Filter>Исходные файлы</Filter>
    </ClCompile>
    <ClCompile Include="UserList.cpp">
      <Filter>Исходные файлы</Filter>
    </ClCompile>
    <ClCompile Include="ToyList.cpp">
      <Filter>Исходные файлы</Filter>
    </ClCompile>
    <ClCompile Include="main.cpp">
      <Filter>Исходные файлы</Filter>
    </ClCompile>
    <ClCompile Include="AddToyScreen.cpp">
      <Filter>Исходные файлы</Filter>
    </ClCompile>
    <ClCompile Include="deleteToyScreen.cpp">
      <Filter>Исходные файлы</Filter>
    </ClCompile>
    <ClCompile Include="EditToyScreen.cpp">
      <Filter>Исходные файлы</Filter>
    </ClCompile>
    <ClCompile Include="IndividualTaskScreen.cpp">
      <Filter>Исходные файлы</Filter>
    </ClCompile>
    <ClCompile Include="SortToyScreen.cpp">
      <Filter>Исходные файлы</Filter>
    </ClCompile>
    <ClCompile Include="PrintToysScreen.cpp">
      <Filter>Исходные файлы</Filter>
    </ClCompile>
    <ClCompile Include="FindToysScreen.cpp">
      <Filter>Исходные файлы</Filter>
    </ClCompile>
    <ClCompile Include="AddUserScreen.cpp">
      <Filter>Исходные файлы</Filter>
    </ClCompile>
    <ClCompile Include="DeleteUserScreen.cpp">
      <Filter>Исходные файлы</Filter>
    </ClCompile>
    <ClCompile Include="PrintUserScreen.cpp">
      <Filter>Исходные файлы</Filter>
    </ClCompile>
    <ClCompile Include="EditUserScreen.cpp">
      <Filter>Исходные файлы</Filter>
    </ClCompile>
    <ClCompile Include="AuthenticationAndMenu.cpp">
      <Filter>Исходные файлы</Filter>
    </ClCompile>
    <ClCompile Include="StartAndEndProgram.cpp">
      <Filter>Исходные файлы</Filter>
    </ClCompile>
  </ItemGroup>
  <ItemGroup>
    <Text Include="users.txt" />
    <Text Include="toys.txt" />
  </ItemGroup>
</Project>